
Microsoft Visual Studio Solution File, Format Version 12.00
# Visual Studio Version 16
VisualStudioVersion = 16.0.30225.117
MinimumVisualStudioVersion = 10.0.40219.1
Project("{F184B08F-C81C-45F6-A57F-5ABD9991F28F}") = "Auto Typer by AHBakri.com", "Auto Typer by AHBakri.com\Auto Typer by AHBakri.com.vbproj", "{82D92E6D-AEA2-4C96-B10C-D10363198B4B}"
EndProject
Global
	GlobalSection(SolutionConfigurationPlatforms) = preSolution
		Debug|Any CPU = Debug|Any CPU
		Release|Any CPU = Release|Any CPU
	EndGlobalSection
	GlobalSection(ProjectConfigurationPlatforms) = postSolution
		{82D92E6D-AEA2-4C96-B10C-D10363198B4B}.Debug|Any CPU.ActiveCfg = Debug|Any CPU
		{82D92E6D-AEA2-4C96-B10C-D10363198B4B}.Debug|Any CPU.Build.0 = Debug|Any CPU
		{82D92E6D-AEA2-4C96-B10C-D10363198B4B}.Release|Any CPU.ActiveCfg = Release|Any CPU
		{82D92E6D-AEA2-4C96-B10C-D10363198B4B}.Release|Any CPU.Build.0 = Release|Any CPU
	EndGlobalSection
	GlobalSection(SolutionProperties) = preSolution
		HideSolutionNode = FALSE
	EndGlobalSection
	GlobalSection(ExtensibilityGlobals) = postSolution
		SolutionGuid = {ABD481D2-4BE8-468A-BAD5-EC93AF4D174A}
	EndGlobalSection
EndGlobal
